
Microsoft Visual Studio Solution File, Format Version 12.00
# Visual Studio Version 16
VisualStudioVersion = 16.0.31129.286
MinimumVisualStudioVersion = 10.0.40219.1
Project("{9A19103F-16F7-4668-BE54-9A1E7A4F7556}") = "Quarantine", "Quarantine.csproj", "{831FB89B-8768-41D1-8190-8FF077555C76}"
EndProject
Global
	GlobalSection(SolutionConfigurationPlatforms) = preSolution
		Debug|Any CPU = Debug|Any CPU
		Release|Any CPU = Release|Any CPU
	EndGlobalSection
	GlobalSection(ProjectConfigurationPlatforms) = postSolution
		{831FB89B-8768-41D1-8190-8FF077555C76}.Debug|Any CPU.ActiveCfg = Debug|Any CPU
		{831FB89B-8768-41D1-8190-8FF077555C76}.Debug|Any CPU.Build.0 = Debug|Any CPU
		{831FB89B-8768-41D1-8190-8FF077555C76}.Release|Any CPU.ActiveCfg = Release|Any CPU
		{831FB89B-8768-41D1-8190-8FF077555C76}.Release|Any CPU.Build.0 = Release|Any CPU
	EndGlobalSection
	GlobalSection(SolutionProperties) = preSolution
		HideSolutionNode = FALSE
	EndGlobalSection
	GlobalSection(ExtensibilityGlobals) = postSolution
		SolutionGuid = {455D59D9-9B3F-45D1-8D2B-3EB91F19EFC9}
	EndGlobalSection
EndGlobal
